
Microsoft Visual Studio Solution File, Format Version 12.00
# Visual Studio 2012
Project("{FAE04EC0-301F-11D3-BF4B-00C04F79EFBC}") = "Microsoft.Kinect.Toolkit", "Microsoft.Kinect.Toolkit\Microsoft.Kinect.Toolkit.csproj", "{C6F9C31B-6130-4443-A5CC-EF0664552ECD}"
EndProject
Project("{FAE04EC0-301F-11D3-BF4B-00C04F79EFBC}") = "Microsoft.Kinect.Toolkit.Controls", "Microsoft.Kinect.Toolkit.Controls\Microsoft.Kinect.Toolkit.Controls.csproj", "{4508C4D1-85BB-4F3F-9E3B-CC93D231C65D}"
EndProject
Project("{FAE04EC0-301F-11D3-BF4B-00C04F79EFBC}") = "RideOnMotion", "RideOnMotion\RideOnMotion.csproj", "{0DD0D3F7-5335-4745-B337-81490654CB80}"
EndProject
Project("{FAE04EC0-301F-11D3-BF4B-00C04F79EFBC}") = "UnitTest", "UnitTest\UnitTest.csproj", "{9A8C2953-BB59-4419-8D51-9ADCF52DEE6F}"
EndProject
Project("{2150E333-8FDC-42A3-9474-1A3956D46DE8}") = ".nuget", ".nuget", "{5FFA1216-3552-4DD8-A783-9502CAD06DD3}"
	ProjectSection(SolutionItems) = preProject
		.nuget\NuGet.Config = .nuget\NuGet.Config
		.nuget\NuGet.exe = .nuget\NuGet.exe
		.nuget\NuGet.targets = .nuget\NuGet.targets
	EndProjectSection
EndProject
Project("{FAE04EC0-301F-11D3-BF4B-00C04F79EFBC}") = "ARDroneControlLibrary", "ARDroneControlLibrary\ARDroneControlLibrary.csproj", "{92277DFC-0D55-4998-8ACF-B01F3A7FB508}"
EndProject
Project("{FAE04EC0-301F-11D3-BF4B-00C04F79EFBC}") = "ARDroneBasics", "ARDroneBasics\ARDroneBasics.csproj", "{30FB7E9C-2668-4303-BF0D-1618DD30B8E5}"
EndProject
Global
	GlobalSection(SolutionConfigurationPlatforms) = preSolution
		Debug|Any CPU = Debug|Any CPU
		Release|Any CPU = Release|Any CPU
	EndGlobalSection
	GlobalSection(ProjectConfigurationPlatforms) = postSolution
		{C6F9C31B-6130-4443-A5CC-EF0664552ECD}.Debug|Any CPU.ActiveCfg = Debug|Any CPU
		{C6F9C31B-6130-4443-A5CC-EF0664552ECD}.Debug|Any CPU.Build.0 = Debug|Any CPU
		{C6F9C31B-6130-4443-A5CC-EF0664552ECD}.Release|Any CPU.ActiveCfg = Release|Any CPU
		{C6F9C31B-6130-4443-A5CC-EF0664552ECD}.Release|Any CPU.Build.0 = Release|Any CPU
		{4508C4D1-85BB-4F3F-9E3B-CC93D231C65D}.Debug|Any CPU.ActiveCfg = Debug|Any CPU
		{4508C4D1-85BB-4F3F-9E3B-CC93D231C65D}.Debug|Any CPU.Build.0 = Debug|Any CPU
		{4508C4D1-85BB-4F3F-9E3B-CC93D231C65D}.Release|Any CPU.ActiveCfg = Release|Any CPU
		{4508C4D1-85BB-4F3F-9E3B-CC93D231C65D}.Release|Any CPU.Build.0 = Release|Any CPU
		{0DD0D3F7-5335-4745-B337-81490654CB80}.Debug|Any CPU.ActiveCfg = Debug|Any CPU
		{0DD0D3F7-5335-4745-B337-81490654CB80}.Debug|Any CPU.Build.0 = Debug|Any CPU
		{0DD0D3F7-5335-4745-B337-81490654CB80}.Release|Any CPU.ActiveCfg = Release|Any CPU
		{0DD0D3F7-5335-4745-B337-81490654CB80}.Release|Any CPU.Build.0 = Release|Any CPU
		{9A8C2953-BB59-4419-8D51-9ADCF52DEE6F}.Debug|Any CPU.ActiveCfg = Debug|Any CPU
		{9A8C2953-BB59-4419-8D51-9ADCF52DEE6F}.Debug|Any CPU.Build.0 = Debug|Any CPU
		{9A8C2953-BB59-4419-8D51-9ADCF52DEE6F}.Release|Any CPU.ActiveCfg = Release|Any CPU
		{9A8C2953-BB59-4419-8D51-9ADCF52DEE6F}.Release|Any CPU.Build.0 = Release|Any CPU
		{92277DFC-0D55-4998-8ACF-B01F3A7FB508}.Debug|Any CPU.ActiveCfg = Debug|Any CPU
		{92277DFC-0D55-4998-8ACF-B01F3A7FB508}.Debug|Any CPU.Build.0 = Debug|Any CPU
		{92277DFC-0D55-4998-8ACF-B01F3A7FB508}.Release|Any CPU.ActiveCfg = Release|Any CPU
		{92277DFC-0D55-4998-8ACF-B01F3A7FB508}.Release|Any CPU.Build.0 = Release|Any CPU
		{30FB7E9C-2668-4303-BF0D-1618DD30B8E5}.Debug|Any CPU.ActiveCfg = Debug|Any CPU
		{30FB7E9C-2668-4303-BF0D-1618DD30B8E5}.Debug|Any CPU.Build.0 = Debug|Any CPU
		{30FB7E9C-2668-4303-BF0D-1618DD30B8E5}.Release|Any CPU.ActiveCfg = Release|Any CPU
		{30FB7E9C-2668-4303-BF0D-1618DD30B8E5}.Release|Any CPU.Build.0 = Release|Any CPU
	EndGlobalSection
	GlobalSection(SolutionProperties) = preSolution
		HideSolutionNode = FALSE
	EndGlobalSection
EndGlobal
