
Microsoft Visual Studio Solution File, Format Version 12.00
# Visual Studio 2012
Project("{FAE04EC0-301F-11D3-BF4B-00C04F79EFBC}") = "Microsoft.Kinect.Toolkit", "Microsoft.Kinect.Toolkit\Microsoft.Kinect.Toolkit.csproj", "{C6F9C31B-6130-4443-A5CC-EF0664552ECD}"
EndProject
Project("{FAE04EC0-301F-11D3-BF4B-00C04F79EFBC}") = "Microsoft.Kinect.Toolkit.Controls", "Microsoft.Kinect.Toolkit.Controls\Microsoft.Kinect.Toolkit.Controls.csproj", "{4508C4D1-85BB-4F3F-9E3B-CC93D231C65D}"
EndProject
Project("{FAE04EC0-301F-11D3-BF4B-00C04F79EFBC}") = "RideOnMotion", "RideOnMotion\RideOnMotion.csproj", "{0DD0D3F7-5335-4745-B337-81490654CB80}"
EndProject
Project("{FAE04EC0-301F-11D3-BF4B-00C04F79EFBC}") = "UnitTest", "UnitTest\UnitTest.csproj", "{9A8C2953-BB59-4419-8D51-9ADCF52DEE6F}"
EndProject
Project("{2150E333-8FDC-42A3-9474-1A3956D46DE8}") = ".nuget", ".nuget", "{5FFA1216-3552-4DD8-A783-9502CAD06DD3}"
	ProjectSection(SolutionItems) = preProject
		.nuget\NuGet.Config = .nuget\NuGet.Config
		.nuget\NuGet.exe = .nuget\NuGet.exe
		.nuget\NuGet.targets = .nuget\NuGet.targets
	EndProjectSection
EndProject
Project("{FAE04EC0-301F-11D3-BF4B-00C04F79EFBC}") = "RideOnMotion.Inputs.Kinect", "RideOnMotion.Inputs.Kinect\RideOnMotion.Inputs.Kinect.csproj", "{F351A907-F922-4986-AD6B-CB04D9307040}"
EndProject
Project("{FAE04EC0-301F-11D3-BF4B-00C04F79EFBC}") = "RideOnMotion.Utilities", "RideOnMotion.Utilities\RideOnMotion.Utilities.csproj", "{7DB44258-5127-4395-B0D6-619C899BF2A1}"
EndProject
Project("{2150E333-8FDC-42A3-9474-1A3956D46DE8}") = "ARDrone API", "ARDrone API", "{E7FC78B3-7332-407B-AD84-CC35D203DC87}"
EndProject
Project("{2150E333-8FDC-42A3-9474-1A3956D46DE8}") = "External toolkits", "External toolkits", "{AAEAFB8F-B51D-4FB1-97E0-5ACB9B84AA93}"
EndProject
Project("{2150E333-8FDC-42A3-9474-1A3956D46DE8}") = "Unit tests", "Unit tests", "{6D4F6749-48A7-46EA-9AC2-AF3916812F2C}"
EndProject
Project("{FAE04EC0-301F-11D3-BF4B-00C04F79EFBC}") = "ARDroneBasics", "ARDrone_API\ARDroneBasics\ARDroneBasics.csproj", "{30FB7E9C-2668-4303-BF0D-1618DD30B8E5}"
EndProject
Project("{FAE04EC0-301F-11D3-BF4B-00C04F79EFBC}") = "ARDroneControlLibrary", "ARDrone_API\ARDroneControlLibrary\ARDroneControlLibrary.csproj", "{92277DFC-0D55-4998-8ACF-B01F3A7FB508}"
EndProject
Project("{FAE04EC0-301F-11D3-BF4B-00C04F79EFBC}") = "ARDroneCapture", "ARDrone_API\ARDroneCapture\ARDroneCapture.csproj", "{DF44B163-A438-4DCC-ADB0-5CDB08803A0F}"
EndProject
Project("{FAE04EC0-301F-11D3-BF4B-00C04F79EFBC}") = "ARDroneDetection", "ARDrone_API\ARDroneDetection\ARDroneDetection.csproj", "{23C3D4AC-F987-4A68-BB43-47027337D81B}"
EndProject
Project("{FAE04EC0-301F-11D3-BF4B-00C04F79EFBC}") = "ARDroneInput", "ARDrone_API\ARDroneInput\ARDroneInput.csproj", "{104C0B70-4D35-4090-942A-9223222D0E6C}"
EndProject
Project("{FAE04EC0-301F-11D3-BF4B-00C04F79EFBC}") = "ARDroneInput_Speech", "ARDrone_API\ARDroneInput_Speech\ARDroneInput_Speech.csproj", "{BE4A76AB-FA50-4E6D-BE06-D2D9A528DBB2}"
EndProject
Project("{FAE04EC0-301F-11D3-BF4B-00C04F79EFBC}") = "ARDroneUI_Detection_Forms", "ARDrone_API\ARDroneUI_Detection_Forms\ARDroneUI_Detection_Forms.csproj", "{A945EA7F-EE7E-4389-8673-3C13DE18CE53}"
EndProject
Project("{FAE04EC0-301F-11D3-BF4B-00C04F79EFBC}") = "ARDroneUI_WPF", "ARDrone_API\ARDroneUI_WPF\ARDroneUI_WPF.csproj", "{44DC5DDE-7EFF-459C-B5A1-993F5C886496}"
EndProject
Project("{FAE04EC0-301F-11D3-BF4B-00C04F79EFBC}") = "ARDrone_Testing", "ARDrone_API\ARDrone_Testing\ARDrone_Testing.csproj", "{EB016BB8-3E68-4DD7-B27E-317B18024FFA}"
EndProject
Project("{FAE04EC0-301F-11D3-BF4B-00C04F79EFBC}") = "AviationInstruments", "ARDrone_API\AviationInstruments\AviationInstruments.csproj", "{A61853C5-1CFE-4858-9D4E-11C1D2622034}"
EndProject
Project("{FAE04EC0-301F-11D3-BF4B-00C04F79EFBC}") = "DirectionControl", "ARDrone_API\DirectionControl\DirectionControl.csproj", "{625B51D7-FAB2-48F9-86D9-11F82EF9FB96}"
EndProject
Project("{FAE04EC0-301F-11D3-BF4B-00C04F79EFBC}") = "HudInstruments", "ARDrone_API\HudInstruments\HudInstruments.csproj", "{8E63741B-70D7-4FE0-A13C-BA749FEB96A4}"
EndProject
Project("{FAE04EC0-301F-11D3-BF4B-00C04F79EFBC}") = "RideOnMotion.Inputs.Keyboard", "RideOnMotion.Inputs.Keyboard\RideOnMotion.Inputs.Keyboard.csproj", "{1939FA1B-04F0-429B-A575-EE75114B365C}"
EndProject
Global
	GlobalSection(SolutionConfigurationPlatforms) = preSolution
		Debug|Any CPU = Debug|Any CPU
		Debug|Mixed Platforms = Debug|Mixed Platforms
		Debug|x86 = Debug|x86
		Release|Any CPU = Release|Any CPU
		Release|Mixed Platforms = Release|Mixed Platforms
		Release|x86 = Release|x86
	EndGlobalSection
	GlobalSection(ProjectConfigurationPlatforms) = postSolution
		{C6F9C31B-6130-4443-A5CC-EF0664552ECD}.Debug|Any CPU.ActiveCfg = Debug|Any CPU
		{C6F9C31B-6130-4443-A5CC-EF0664552ECD}.Debug|Any CPU.Build.0 = Debug|Any CPU
		{C6F9C31B-6130-4443-A5CC-EF0664552ECD}.Debug|Mixed Platforms.ActiveCfg = Debug|Any CPU
		{C6F9C31B-6130-4443-A5CC-EF0664552ECD}.Debug|Mixed Platforms.Build.0 = Debug|Any CPU
		{C6F9C31B-6130-4443-A5CC-EF0664552ECD}.Debug|x86.ActiveCfg = Debug|Any CPU
		{C6F9C31B-6130-4443-A5CC-EF0664552ECD}.Release|Any CPU.ActiveCfg = Release|Any CPU
		{C6F9C31B-6130-4443-A5CC-EF0664552ECD}.Release|Any CPU.Build.0 = Release|Any CPU
		{C6F9C31B-6130-4443-A5CC-EF0664552ECD}.Release|Mixed Platforms.ActiveCfg = Release|Any CPU
		{C6F9C31B-6130-4443-A5CC-EF0664552ECD}.Release|Mixed Platforms.Build.0 = Release|Any CPU
		{C6F9C31B-6130-4443-A5CC-EF0664552ECD}.Release|x86.ActiveCfg = Release|Any CPU
		{4508C4D1-85BB-4F3F-9E3B-CC93D231C65D}.Debug|Any CPU.ActiveCfg = Debug|Any CPU
		{4508C4D1-85BB-4F3F-9E3B-CC93D231C65D}.Debug|Any CPU.Build.0 = Debug|Any CPU
		{4508C4D1-85BB-4F3F-9E3B-CC93D231C65D}.Debug|Mixed Platforms.ActiveCfg = Debug|Any CPU
		{4508C4D1-85BB-4F3F-9E3B-CC93D231C65D}.Debug|Mixed Platforms.Build.0 = Debug|Any CPU
		{4508C4D1-85BB-4F3F-9E3B-CC93D231C65D}.Debug|x86.ActiveCfg = Debug|Any CPU
		{4508C4D1-85BB-4F3F-9E3B-CC93D231C65D}.Release|Any CPU.ActiveCfg = Release|Any CPU
		{4508C4D1-85BB-4F3F-9E3B-CC93D231C65D}.Release|Any CPU.Build.0 = Release|Any CPU
		{4508C4D1-85BB-4F3F-9E3B-CC93D231C65D}.Release|Mixed Platforms.ActiveCfg = Release|Any CPU
		{4508C4D1-85BB-4F3F-9E3B-CC93D231C65D}.Release|Mixed Platforms.Build.0 = Release|Any CPU
		{4508C4D1-85BB-4F3F-9E3B-CC93D231C65D}.Release|x86.ActiveCfg = Release|Any CPU
		{0DD0D3F7-5335-4745-B337-81490654CB80}.Debug|Any CPU.ActiveCfg = Debug|Any CPU
		{0DD0D3F7-5335-4745-B337-81490654CB80}.Debug|Any CPU.Build.0 = Debug|Any CPU
		{0DD0D3F7-5335-4745-B337-81490654CB80}.Debug|Mixed Platforms.ActiveCfg = Debug|Any CPU
		{0DD0D3F7-5335-4745-B337-81490654CB80}.Debug|Mixed Platforms.Build.0 = Debug|Any CPU
		{0DD0D3F7-5335-4745-B337-81490654CB80}.Debug|x86.ActiveCfg = Debug|Any CPU
		{0DD0D3F7-5335-4745-B337-81490654CB80}.Release|Any CPU.ActiveCfg = Release|Any CPU
		{0DD0D3F7-5335-4745-B337-81490654CB80}.Release|Any CPU.Build.0 = Release|Any CPU
		{0DD0D3F7-5335-4745-B337-81490654CB80}.Release|Mixed Platforms.ActiveCfg = Release|Any CPU
		{0DD0D3F7-5335-4745-B337-81490654CB80}.Release|Mixed Platforms.Build.0 = Release|Any CPU
		{0DD0D3F7-5335-4745-B337-81490654CB80}.Release|x86.ActiveCfg = Release|Any CPU
		{9A8C2953-BB59-4419-8D51-9ADCF52DEE6F}.Debug|Any CPU.ActiveCfg = Debug|Any CPU
		{9A8C2953-BB59-4419-8D51-9ADCF52DEE6F}.Debug|Any CPU.Build.0 = Debug|Any CPU
		{9A8C2953-BB59-4419-8D51-9ADCF52DEE6F}.Debug|Mixed Platforms.ActiveCfg = Debug|Any CPU
		{9A8C2953-BB59-4419-8D51-9ADCF52DEE6F}.Debug|Mixed Platforms.Build.0 = Debug|Any CPU
		{9A8C2953-BB59-4419-8D51-9ADCF52DEE6F}.Debug|x86.ActiveCfg = Debug|Any CPU
		{9A8C2953-BB59-4419-8D51-9ADCF52DEE6F}.Release|Any CPU.ActiveCfg = Release|Any CPU
		{9A8C2953-BB59-4419-8D51-9ADCF52DEE6F}.Release|Any CPU.Build.0 = Release|Any CPU
		{9A8C2953-BB59-4419-8D51-9ADCF52DEE6F}.Release|Mixed Platforms.ActiveCfg = Release|Any CPU
		{9A8C2953-BB59-4419-8D51-9ADCF52DEE6F}.Release|Mixed Platforms.Build.0 = Release|Any CPU
		{9A8C2953-BB59-4419-8D51-9ADCF52DEE6F}.Release|x86.ActiveCfg = Release|Any CPU
		{F351A907-F922-4986-AD6B-CB04D9307040}.Debug|Any CPU.ActiveCfg = Debug|Any CPU
		{F351A907-F922-4986-AD6B-CB04D9307040}.Debug|Any CPU.Build.0 = Debug|Any CPU
		{F351A907-F922-4986-AD6B-CB04D9307040}.Debug|Mixed Platforms.ActiveCfg = Debug|Any CPU
		{F351A907-F922-4986-AD6B-CB04D9307040}.Debug|Mixed Platforms.Build.0 = Debug|Any CPU
		{F351A907-F922-4986-AD6B-CB04D9307040}.Debug|x86.ActiveCfg = Debug|Any CPU
		{F351A907-F922-4986-AD6B-CB04D9307040}.Release|Any CPU.ActiveCfg = Release|Any CPU
		{F351A907-F922-4986-AD6B-CB04D9307040}.Release|Any CPU.Build.0 = Release|Any CPU
		{F351A907-F922-4986-AD6B-CB04D9307040}.Release|Mixed Platforms.ActiveCfg = Release|Any CPU
		{F351A907-F922-4986-AD6B-CB04D9307040}.Release|Mixed Platforms.Build.0 = Release|Any CPU
		{F351A907-F922-4986-AD6B-CB04D9307040}.Release|x86.ActiveCfg = Release|Any CPU
		{7DB44258-5127-4395-B0D6-619C899BF2A1}.Debug|Any CPU.ActiveCfg = Debug|Any CPU
		{7DB44258-5127-4395-B0D6-619C899BF2A1}.Debug|Any CPU.Build.0 = Debug|Any CPU
		{7DB44258-5127-4395-B0D6-619C899BF2A1}.Debug|Mixed Platforms.ActiveCfg = Debug|Any CPU
		{7DB44258-5127-4395-B0D6-619C899BF2A1}.Debug|Mixed Platforms.Build.0 = Debug|Any CPU
		{7DB44258-5127-4395-B0D6-619C899BF2A1}.Debug|x86.ActiveCfg = Debug|Any CPU
		{7DB44258-5127-4395-B0D6-619C899BF2A1}.Release|Any CPU.ActiveCfg = Release|Any CPU
		{7DB44258-5127-4395-B0D6-619C899BF2A1}.Release|Any CPU.Build.0 = Release|Any CPU
		{7DB44258-5127-4395-B0D6-619C899BF2A1}.Release|Mixed Platforms.ActiveCfg = Release|Any CPU
		{7DB44258-5127-4395-B0D6-619C899BF2A1}.Release|Mixed Platforms.Build.0 = Release|Any CPU
		{7DB44258-5127-4395-B0D6-619C899BF2A1}.Release|x86.ActiveCfg = Release|Any CPU
		{30FB7E9C-2668-4303-BF0D-1618DD30B8E5}.Debug|Any CPU.ActiveCfg = Debug|Any CPU
		{30FB7E9C-2668-4303-BF0D-1618DD30B8E5}.Debug|Any CPU.Build.0 = Debug|Any CPU
		{30FB7E9C-2668-4303-BF0D-1618DD30B8E5}.Debug|Mixed Platforms.ActiveCfg = Debug|Any CPU
		{30FB7E9C-2668-4303-BF0D-1618DD30B8E5}.Debug|Mixed Platforms.Build.0 = Debug|Any CPU
		{30FB7E9C-2668-4303-BF0D-1618DD30B8E5}.Debug|x86.ActiveCfg = Debug|Any CPU
		{30FB7E9C-2668-4303-BF0D-1618DD30B8E5}.Release|Any CPU.ActiveCfg = Release|Any CPU
		{30FB7E9C-2668-4303-BF0D-1618DD30B8E5}.Release|Any CPU.Build.0 = Release|Any CPU
		{30FB7E9C-2668-4303-BF0D-1618DD30B8E5}.Release|Mixed Platforms.ActiveCfg = Release|Any CPU
		{30FB7E9C-2668-4303-BF0D-1618DD30B8E5}.Release|Mixed Platforms.Build.0 = Release|Any CPU
		{30FB7E9C-2668-4303-BF0D-1618DD30B8E5}.Release|x86.ActiveCfg = Release|Any CPU
		{92277DFC-0D55-4998-8ACF-B01F3A7FB508}.Debug|Any CPU.ActiveCfg = Debug|Any CPU
		{92277DFC-0D55-4998-8ACF-B01F3A7FB508}.Debug|Any CPU.Build.0 = Debug|Any CPU
		{92277DFC-0D55-4998-8ACF-B01F3A7FB508}.Debug|Mixed Platforms.ActiveCfg = Debug|Any CPU
		{92277DFC-0D55-4998-8ACF-B01F3A7FB508}.Debug|Mixed Platforms.Build.0 = Debug|Any CPU
		{92277DFC-0D55-4998-8ACF-B01F3A7FB508}.Debug|x86.ActiveCfg = Debug|Any CPU
		{92277DFC-0D55-4998-8ACF-B01F3A7FB508}.Release|Any CPU.ActiveCfg = Release|Any CPU
		{92277DFC-0D55-4998-8ACF-B01F3A7FB508}.Release|Any CPU.Build.0 = Release|Any CPU
		{92277DFC-0D55-4998-8ACF-B01F3A7FB508}.Release|Mixed Platforms.ActiveCfg = Release|Any CPU
		{92277DFC-0D55-4998-8ACF-B01F3A7FB508}.Release|Mixed Platforms.Build.0 = Release|Any CPU
		{92277DFC-0D55-4998-8ACF-B01F3A7FB508}.Release|x86.ActiveCfg = Release|Any CPU
		{DF44B163-A438-4DCC-ADB0-5CDB08803A0F}.Debug|Any CPU.ActiveCfg = Debug|Any CPU
		{DF44B163-A438-4DCC-ADB0-5CDB08803A0F}.Debug|Any CPU.Build.0 = Debug|Any CPU
		{DF44B163-A438-4DCC-ADB0-5CDB08803A0F}.Debug|Mixed Platforms.ActiveCfg = Debug|Any CPU
		{DF44B163-A438-4DCC-ADB0-5CDB08803A0F}.Debug|Mixed Platforms.Build.0 = Debug|Any CPU
		{DF44B163-A438-4DCC-ADB0-5CDB08803A0F}.Debug|x86.ActiveCfg = Debug|Any CPU
		{DF44B163-A438-4DCC-ADB0-5CDB08803A0F}.Release|Any CPU.ActiveCfg = Release|Any CPU
		{DF44B163-A438-4DCC-ADB0-5CDB08803A0F}.Release|Any CPU.Build.0 = Release|Any CPU
		{DF44B163-A438-4DCC-ADB0-5CDB08803A0F}.Release|Mixed Platforms.ActiveCfg = Release|Any CPU
		{DF44B163-A438-4DCC-ADB0-5CDB08803A0F}.Release|Mixed Platforms.Build.0 = Release|Any CPU
		{DF44B163-A438-4DCC-ADB0-5CDB08803A0F}.Release|x86.ActiveCfg = Release|Any CPU
		{23C3D4AC-F987-4A68-BB43-47027337D81B}.Debug|Any CPU.ActiveCfg = Debug|Any CPU
		{23C3D4AC-F987-4A68-BB43-47027337D81B}.Debug|Any CPU.Build.0 = Debug|Any CPU
		{23C3D4AC-F987-4A68-BB43-47027337D81B}.Debug|Mixed Platforms.ActiveCfg = Debug|Any CPU
		{23C3D4AC-F987-4A68-BB43-47027337D81B}.Debug|Mixed Platforms.Build.0 = Debug|Any CPU
		{23C3D4AC-F987-4A68-BB43-47027337D81B}.Debug|x86.ActiveCfg = Debug|Any CPU
		{23C3D4AC-F987-4A68-BB43-47027337D81B}.Release|Any CPU.ActiveCfg = Release|Any CPU
		{23C3D4AC-F987-4A68-BB43-47027337D81B}.Release|Any CPU.Build.0 = Release|Any CPU
		{23C3D4AC-F987-4A68-BB43-47027337D81B}.Release|Mixed Platforms.ActiveCfg = Release|Any CPU
		{23C3D4AC-F987-4A68-BB43-47027337D81B}.Release|Mixed Platforms.Build.0 = Release|Any CPU
		{23C3D4AC-F987-4A68-BB43-47027337D81B}.Release|x86.ActiveCfg = Release|Any CPU
		{104C0B70-4D35-4090-942A-9223222D0E6C}.Debug|Any CPU.ActiveCfg = Debug|Any CPU
		{104C0B70-4D35-4090-942A-9223222D0E6C}.Debug|Any CPU.Build.0 = Debug|Any CPU
		{104C0B70-4D35-4090-942A-9223222D0E6C}.Debug|Mixed Platforms.ActiveCfg = Debug|Any CPU
		{104C0B70-4D35-4090-942A-9223222D0E6C}.Debug|Mixed Platforms.Build.0 = Debug|Any CPU
		{104C0B70-4D35-4090-942A-9223222D0E6C}.Debug|x86.ActiveCfg = Debug|Any CPU
		{104C0B70-4D35-4090-942A-9223222D0E6C}.Release|Any CPU.ActiveCfg = Release|Any CPU
		{104C0B70-4D35-4090-942A-9223222D0E6C}.Release|Any CPU.Build.0 = Release|Any CPU
		{104C0B70-4D35-4090-942A-9223222D0E6C}.Release|Mixed Platforms.ActiveCfg = Release|Any CPU
		{104C0B70-4D35-4090-942A-9223222D0E6C}.Release|Mixed Platforms.Build.0 = Release|Any CPU
		{104C0B70-4D35-4090-942A-9223222D0E6C}.Release|x86.ActiveCfg = Release|Any CPU
		{BE4A76AB-FA50-4E6D-BE06-D2D9A528DBB2}.Debug|Any CPU.ActiveCfg = Debug|Any CPU
		{BE4A76AB-FA50-4E6D-BE06-D2D9A528DBB2}.Debug|Any CPU.Build.0 = Debug|Any CPU
		{BE4A76AB-FA50-4E6D-BE06-D2D9A528DBB2}.Debug|Mixed Platforms.ActiveCfg = Debug|Any CPU
		{BE4A76AB-FA50-4E6D-BE06-D2D9A528DBB2}.Debug|Mixed Platforms.Build.0 = Debug|Any CPU
		{BE4A76AB-FA50-4E6D-BE06-D2D9A528DBB2}.Debug|x86.ActiveCfg = Debug|Any CPU
		{BE4A76AB-FA50-4E6D-BE06-D2D9A528DBB2}.Release|Any CPU.ActiveCfg = Release|Any CPU
		{BE4A76AB-FA50-4E6D-BE06-D2D9A528DBB2}.Release|Any CPU.Build.0 = Release|Any CPU
		{BE4A76AB-FA50-4E6D-BE06-D2D9A528DBB2}.Release|Mixed Platforms.ActiveCfg = Release|Any CPU
		{BE4A76AB-FA50-4E6D-BE06-D2D9A528DBB2}.Release|Mixed Platforms.Build.0 = Release|Any CPU
		{BE4A76AB-FA50-4E6D-BE06-D2D9A528DBB2}.Release|x86.ActiveCfg = Release|Any CPU
		{A945EA7F-EE7E-4389-8673-3C13DE18CE53}.Debug|Any CPU.ActiveCfg = Debug|x86
		{A945EA7F-EE7E-4389-8673-3C13DE18CE53}.Debug|Mixed Platforms.ActiveCfg = Debug|x86
		{A945EA7F-EE7E-4389-8673-3C13DE18CE53}.Debug|Mixed Platforms.Build.0 = Debug|x86
		{A945EA7F-EE7E-4389-8673-3C13DE18CE53}.Debug|x86.ActiveCfg = Debug|x86
		{A945EA7F-EE7E-4389-8673-3C13DE18CE53}.Debug|x86.Build.0 = Debug|x86
		{A945EA7F-EE7E-4389-8673-3C13DE18CE53}.Release|Any CPU.ActiveCfg = Release|x86
		{A945EA7F-EE7E-4389-8673-3C13DE18CE53}.Release|Mixed Platforms.ActiveCfg = Release|x86
		{A945EA7F-EE7E-4389-8673-3C13DE18CE53}.Release|Mixed Platforms.Build.0 = Release|x86
		{A945EA7F-EE7E-4389-8673-3C13DE18CE53}.Release|x86.ActiveCfg = Release|x86
		{A945EA7F-EE7E-4389-8673-3C13DE18CE53}.Release|x86.Build.0 = Release|x86
		{44DC5DDE-7EFF-459C-B5A1-993F5C886496}.Debug|Any CPU.ActiveCfg = Debug|x86
		{44DC5DDE-7EFF-459C-B5A1-993F5C886496}.Debug|Mixed Platforms.ActiveCfg = Debug|x86
		{44DC5DDE-7EFF-459C-B5A1-993F5C886496}.Debug|Mixed Platforms.Build.0 = Debug|x86
		{44DC5DDE-7EFF-459C-B5A1-993F5C886496}.Debug|x86.ActiveCfg = Debug|x86
		{44DC5DDE-7EFF-459C-B5A1-993F5C886496}.Debug|x86.Build.0 = Debug|x86
		{44DC5DDE-7EFF-459C-B5A1-993F5C886496}.Release|Any CPU.ActiveCfg = Release|x86
		{44DC5DDE-7EFF-459C-B5A1-993F5C886496}.Release|Mixed Platforms.ActiveCfg = Release|x86
		{44DC5DDE-7EFF-459C-B5A1-993F5C886496}.Release|Mixed Platforms.Build.0 = Release|x86
		{44DC5DDE-7EFF-459C-B5A1-993F5C886496}.Release|x86.ActiveCfg = Release|x86
		{44DC5DDE-7EFF-459C-B5A1-993F5C886496}.Release|x86.Build.0 = Release|x86
		{EB016BB8-3E68-4DD7-B27E-317B18024FFA}.Debug|Any CPU.ActiveCfg = Debug|Any CPU
		{EB016BB8-3E68-4DD7-B27E-317B18024FFA}.Debug|Any CPU.Build.0 = Debug|Any CPU
		{EB016BB8-3E68-4DD7-B27E-317B18024FFA}.Debug|Mixed Platforms.ActiveCfg = Debug|Any CPU
		{EB016BB8-3E68-4DD7-B27E-317B18024FFA}.Debug|Mixed Platforms.Build.0 = Debug|Any CPU
		{EB016BB8-3E68-4DD7-B27E-317B18024FFA}.Debug|x86.ActiveCfg = Debug|Any CPU
		{EB016BB8-3E68-4DD7-B27E-317B18024FFA}.Release|Any CPU.ActiveCfg = Release|Any CPU
		{EB016BB8-3E68-4DD7-B27E-317B18024FFA}.Release|Any CPU.Build.0 = Release|Any CPU
		{EB016BB8-3E68-4DD7-B27E-317B18024FFA}.Release|Mixed Platforms.ActiveCfg = Release|Any CPU
		{EB016BB8-3E68-4DD7-B27E-317B18024FFA}.Release|Mixed Platforms.Build.0 = Release|Any CPU
		{EB016BB8-3E68-4DD7-B27E-317B18024FFA}.Release|x86.ActiveCfg = Release|Any CPU
		{A61853C5-1CFE-4858-9D4E-11C1D2622034}.Debug|Any CPU.ActiveCfg = Debug|Any CPU
		{A61853C5-1CFE-4858-9D4E-11C1D2622034}.Debug|Any CPU.Build.0 = Debug|Any CPU
		{A61853C5-1CFE-4858-9D4E-11C1D2622034}.Debug|Mixed Platforms.ActiveCfg = Debug|Any CPU
		{A61853C5-1CFE-4858-9D4E-11C1D2622034}.Debug|Mixed Platforms.Build.0 = Debug|Any CPU
		{A61853C5-1CFE-4858-9D4E-11C1D2622034}.Debug|x86.ActiveCfg = Debug|Any CPU
		{A61853C5-1CFE-4858-9D4E-11C1D2622034}.Release|Any CPU.ActiveCfg = Release|Any CPU
		{A61853C5-1CFE-4858-9D4E-11C1D2622034}.Release|Any CPU.Build.0 = Release|Any CPU
		{A61853C5-1CFE-4858-9D4E-11C1D2622034}.Release|Mixed Platforms.ActiveCfg = Release|Any CPU
		{A61853C5-1CFE-4858-9D4E-11C1D2622034}.Release|Mixed Platforms.Build.0 = Release|Any CPU
		{A61853C5-1CFE-4858-9D4E-11C1D2622034}.Release|x86.ActiveCfg = Release|Any CPU
		{625B51D7-FAB2-48F9-86D9-11F82EF9FB96}.Debug|Any CPU.ActiveCfg = Debug|Any CPU
		{625B51D7-FAB2-48F9-86D9-11F82EF9FB96}.Debug|Any CPU.Build.0 = Debug|Any CPU
		{625B51D7-FAB2-48F9-86D9-11F82EF9FB96}.Debug|Mixed Platforms.ActiveCfg = Debug|Any CPU
		{625B51D7-FAB2-48F9-86D9-11F82EF9FB96}.Debug|Mixed Platforms.Build.0 = Debug|Any CPU
		{625B51D7-FAB2-48F9-86D9-11F82EF9FB96}.Debug|x86.ActiveCfg = Debug|Any CPU
		{625B51D7-FAB2-48F9-86D9-11F82EF9FB96}.Release|Any CPU.ActiveCfg = Release|Any CPU
		{625B51D7-FAB2-48F9-86D9-11F82EF9FB96}.Release|Any CPU.Build.0 = Release|Any CPU
		{625B51D7-FAB2-48F9-86D9-11F82EF9FB96}.Release|Mixed Platforms.ActiveCfg = Release|Any CPU
		{625B51D7-FAB2-48F9-86D9-11F82EF9FB96}.Release|Mixed Platforms.Build.0 = Release|Any CPU
		{625B51D7-FAB2-48F9-86D9-11F82EF9FB96}.Release|x86.ActiveCfg = Release|Any CPU
		{8E63741B-70D7-4FE0-A13C-BA749FEB96A4}.Debug|Any CPU.ActiveCfg = Debug|Any CPU
		{8E63741B-70D7-4FE0-A13C-BA749FEB96A4}.Debug|Any CPU.Build.0 = Debug|Any CPU
		{8E63741B-70D7-4FE0-A13C-BA749FEB96A4}.Debug|Mixed Platforms.ActiveCfg = Debug|Any CPU
		{8E63741B-70D7-4FE0-A13C-BA749FEB96A4}.Debug|Mixed Platforms.Build.0 = Debug|Any CPU
		{8E63741B-70D7-4FE0-A13C-BA749FEB96A4}.Debug|x86.ActiveCfg = Debug|Any CPU
		{8E63741B-70D7-4FE0-A13C-BA749FEB96A4}.Release|Any CPU.ActiveCfg = Release|Any CPU
		{8E63741B-70D7-4FE0-A13C-BA749FEB96A4}.Release|Any CPU.Build.0 = Release|Any CPU
		{8E63741B-70D7-4FE0-A13C-BA749FEB96A4}.Release|Mixed Platforms.ActiveCfg = Release|Any CPU
		{8E63741B-70D7-4FE0-A13C-BA749FEB96A4}.Release|Mixed Platforms.Build.0 = Release|Any CPU
		{8E63741B-70D7-4FE0-A13C-BA749FEB96A4}.Release|x86.ActiveCfg = Release|Any CPU
		{1939FA1B-04F0-429B-A575-EE75114B365C}.Debug|Any CPU.ActiveCfg = Debug|Any CPU
		{1939FA1B-04F0-429B-A575-EE75114B365C}.Debug|Any CPU.Build.0 = Debug|Any CPU
		{1939FA1B-04F0-429B-A575-EE75114B365C}.Debug|Mixed Platforms.ActiveCfg = Debug|Any CPU
		{1939FA1B-04F0-429B-A575-EE75114B365C}.Debug|Mixed Platforms.Build.0 = Debug|Any CPU
		{1939FA1B-04F0-429B-A575-EE75114B365C}.Debug|x86.ActiveCfg = Debug|Any CPU
		{1939FA1B-04F0-429B-A575-EE75114B365C}.Release|Any CPU.ActiveCfg = Release|Any CPU
		{1939FA1B-04F0-429B-A575-EE75114B365C}.Release|Any CPU.Build.0 = Release|Any CPU
		{1939FA1B-04F0-429B-A575-EE75114B365C}.Release|Mixed Platforms.ActiveCfg = Release|Any CPU
		{1939FA1B-04F0-429B-A575-EE75114B365C}.Release|Mixed Platforms.Build.0 = Release|Any CPU
		{1939FA1B-04F0-429B-A575-EE75114B365C}.Release|x86.ActiveCfg = Release|Any CPU
	EndGlobalSection
	GlobalSection(SolutionProperties) = preSolution
		HideSolutionNode = FALSE
	EndGlobalSection
	GlobalSection(NestedProjects) = preSolution
		{4508C4D1-85BB-4F3F-9E3B-CC93D231C65D} = {AAEAFB8F-B51D-4FB1-97E0-5ACB9B84AA93}
		{C6F9C31B-6130-4443-A5CC-EF0664552ECD} = {AAEAFB8F-B51D-4FB1-97E0-5ACB9B84AA93}
		{9A8C2953-BB59-4419-8D51-9ADCF52DEE6F} = {6D4F6749-48A7-46EA-9AC2-AF3916812F2C}
		{30FB7E9C-2668-4303-BF0D-1618DD30B8E5} = {E7FC78B3-7332-407B-AD84-CC35D203DC87}
		{92277DFC-0D55-4998-8ACF-B01F3A7FB508} = {E7FC78B3-7332-407B-AD84-CC35D203DC87}
		{DF44B163-A438-4DCC-ADB0-5CDB08803A0F} = {E7FC78B3-7332-407B-AD84-CC35D203DC87}
		{23C3D4AC-F987-4A68-BB43-47027337D81B} = {E7FC78B3-7332-407B-AD84-CC35D203DC87}
		{104C0B70-4D35-4090-942A-9223222D0E6C} = {E7FC78B3-7332-407B-AD84-CC35D203DC87}
		{BE4A76AB-FA50-4E6D-BE06-D2D9A528DBB2} = {E7FC78B3-7332-407B-AD84-CC35D203DC87}
		{A945EA7F-EE7E-4389-8673-3C13DE18CE53} = {E7FC78B3-7332-407B-AD84-CC35D203DC87}
		{44DC5DDE-7EFF-459C-B5A1-993F5C886496} = {E7FC78B3-7332-407B-AD84-CC35D203DC87}
		{EB016BB8-3E68-4DD7-B27E-317B18024FFA} = {E7FC78B3-7332-407B-AD84-CC35D203DC87}
		{A61853C5-1CFE-4858-9D4E-11C1D2622034} = {E7FC78B3-7332-407B-AD84-CC35D203DC87}
		{625B51D7-FAB2-48F9-86D9-11F82EF9FB96} = {E7FC78B3-7332-407B-AD84-CC35D203DC87}
		{8E63741B-70D7-4FE0-A13C-BA749FEB96A4} = {E7FC78B3-7332-407B-AD84-CC35D203DC87}
	EndGlobalSection
EndGlobal
